
Microsoft Visual Studio Solution File, Format Version 12.00
# Visual Studio Version 17
VisualStudioVersion = 17.1.32328.378
MinimumVisualStudioVersion = 10.0.40219.1
Project("{FAE04EC0-301F-11D3-BF4B-00C04F79EFBC}") = "UserService", "UserService\UserService.csproj", "{974AD9B1-E2B5-4F35-B88D-C7646FBAF429}"
EndProject
Project("{FAE04EC0-301F-11D3-BF4B-00C04F79EFBC}") = "ProductService", "ProductService\ProductService.csproj", "{C7189B60-7C9B-4BD7-BC57-3689696A55D5}"
EndProject
Project("{FAE04EC0-301F-11D3-BF4B-00C04F79EFBC}") = "OrderService", "OrderService\OrderService.csproj", "{061A9EFD-860B-4084-9B0F-B36C0DDBCFDE}"
EndProject
Project("{FAE04EC0-301F-11D3-BF4B-00C04F79EFBC}") = "OrderProcessor", "OrderProcessor\OrderProcessor.csproj", "{CDAF7111-AE25-46FB-80F3-753DB5BF044A}"
EndProject
Project("{E53339B2-1760-4266-BCC7-CA923CBCF16C}") = "docker-compose", "docker-compose.dcproj", "{F92C2A32-D610-408E-9DEF-FE3F3AE1C092}"
EndProject
Global
	GlobalSection(SolutionConfigurationPlatforms) = preSolution
		Debug|Any CPU = Debug|Any CPU
		Release|Any CPU = Release|Any CPU
	EndGlobalSection
	GlobalSection(ProjectConfigurationPlatforms) = postSolution
		{974AD9B1-E2B5-4F35-B88D-C7646FBAF429}.Debug|Any CPU.ActiveCfg = Debug|Any CPU
		{974AD9B1-E2B5-4F35-B88D-C7646FBAF429}.Debug|Any CPU.Build.0 = Debug|Any CPU
		{974AD9B1-E2B5-4F35-B88D-C7646FBAF429}.Release|Any CPU.ActiveCfg = Release|Any CPU
		{974AD9B1-E2B5-4F35-B88D-C7646FBAF429}.Release|Any CPU.Build.0 = Release|Any CPU
		{C7189B60-7C9B-4BD7-BC57-3689696A55D5}.Debug|Any CPU.ActiveCfg = Debug|Any CPU
		{C7189B60-7C9B-4BD7-BC57-3689696A55D5}.Debug|Any CPU.Build.0 = Debug|Any CPU
		{C7189B60-7C9B-4BD7-BC57-3689696A55D5}.Release|Any CPU.ActiveCfg = Release|Any CPU
		{C7189B60-7C9B-4BD7-BC57-3689696A55D5}.Release|Any CPU.Build.0 = Release|Any CPU
		{061A9EFD-860B-4084-9B0F-B36C0DDBCFDE}.Debug|Any CPU.ActiveCfg = Debug|Any CPU
		{061A9EFD-860B-4084-9B0F-B36C0DDBCFDE}.Debug|Any CPU.Build.0 = Debug|Any CPU
		{061A9EFD-860B-4084-9B0F-B36C0DDBCFDE}.Release|Any CPU.ActiveCfg = Release|Any CPU
		{061A9EFD-860B-4084-9B0F-B36C0DDBCFDE}.Release|Any CPU.Build.0 = Release|Any CPU
		{CDAF7111-AE25-46FB-80F3-753DB5BF044A}.Debug|Any CPU.ActiveCfg = Debug|Any CPU
		{CDAF7111-AE25-46FB-80F3-753DB5BF044A}.Debug|Any CPU.Build.0 = Debug|Any CPU
		{CDAF7111-AE25-46FB-80F3-753DB5BF044A}.Release|Any CPU.ActiveCfg = Release|Any CPU
		{CDAF7111-AE25-46FB-80F3-753DB5BF044A}.Release|Any CPU.Build.0 = Release|Any CPU
		{F92C2A32-D610-408E-9DEF-FE3F3AE1C092}.Debug|Any CPU.ActiveCfg = Debug|Any CPU
		{F92C2A32-D610-408E-9DEF-FE3F3AE1C092}.Debug|Any CPU.Build.0 = Debug|Any CPU
		{F92C2A32-D610-408E-9DEF-FE3F3AE1C092}.Release|Any CPU.ActiveCfg = Release|Any CPU
		{F92C2A32-D610-408E-9DEF-FE3F3AE1C092}.Release|Any CPU.Build.0 = Release|Any CPU
	EndGlobalSection
	GlobalSection(SolutionProperties) = preSolution
		HideSolutionNode = FALSE
	EndGlobalSection
	GlobalSection(ExtensibilityGlobals) = postSolution
		SolutionGuid = {A859AAD9-1CF3-445E-AA95-31B086CFD027}
	EndGlobalSection
EndGlobal
